// !$*UTF8*$!
{
	archiveVersion = 1;
	classes = {
	};
	objectVersion = 56;
	objects = {

/* Begin PBXBuildFile section */
		460496082E362F190047E223 /* test_mh.cpp in Sources */ = {isa = PBXBuildFile; fileRef = 460495FB2E300E0F0047E223 /* test_mh.cpp */; };
		460496092E362F190047E224 /* test_mh.cpp in Sources */ = {isa = PBXBuildFile; fileRef = 460495FB2E300E0F0047E223 /* test_mh.cpp */; };
		461B0B6D2F04346B00F47017 /* host_apple_ios.cpp in Sources */ = {isa = PBXBuildFile; fileRef = 461B0B692F04346B00F47017 /* host_apple_ios.cpp */; };
		461B50CE304DE96800B03E93 /* olcPGE3_Touch.cpp in Sources */ = {isa = PBXBuildFile; fileRef = 46ABFF11302CC2DE00C95998 /* olcPGE3_Touch.cpp */; };
		462680A42E69D03800799C36 /* image.cpp in Sources */ = {isa = PBXBuildFile; fileRef = 460495EC2E300E000047E223 /* image.cpp */; };
		462680A52E69D15C00799C36 /* OpenGL.framework in Frameworks */ = {isa = PBXBuildFile; fileRef = 46E85DF82E39135B00B74FA3 /* OpenGL.framework */; };
		462680A72E69D03800799C37 /* image.cpp in Sources */ = {isa = PBXBuildFile; fileRef = 460495EC2E300E000047E223 /* image.cpp */; };
		462680D22E6C3C4500799C37 /* gpu_iface.cpp in Sources */ = {isa = PBXBuildFile; fileRef = 462680D02E6C3C4500799C36 /* gpu_iface.cpp */; };
		467318BA2EEC213700714D4C /* font.cpp in Sources */ = {isa = PBXBuildFile; fileRef = 467318B92EEC213700714D4C /* font.cpp */; };
		467318BB2EEC213700714D4D /* font.cpp in Sources */ = {isa = PBXBuildFile; fileRef = 467318B92EEC213700714D4C /* font.cpp */; };
		46744203303606F600E2DD84 /* CoreGraphics.framework in Frameworks */ = {isa = PBXBuildFile; fileRef = 46744202303606F600E2DD84 /* CoreGraphics.framework */; };
		467442043036070200E2DD84 /* CoreGraphics.framework in Frameworks */ = {isa = PBXBuildFile; fileRef = 46744202303606F600E2DD84 /* CoreGraphics.framework */; };
		467442083036078000E2DD84 /* gamescene.png in CopyFiles */ = {isa = PBXBuildFile; fileRef = 46ABFEE9302CC2DE00C95998 /* gamescene.png */; };
		467442093036078000E2DD84 /* graph_paper.png in CopyFiles */ = {isa = PBXBuildFile; fileRef = 46ABFEEA302CC2DE00C95998 /* graph_paper.png */; };
		4674420A3036078000E2DD84 /* minsanity_texture.png in CopyFiles */ = {isa = PBXBuildFile; fileRef = 46ABFEEB302CC2DE00C95998 /* minsanity_texture.png */; };
		4674420B3036078000E2DD84 /* olc_font.png in CopyFiles */ = {isa = PBXBuildFile; fileRef = 46ABFEEC302CC2DE00C95998 /* olc_font.png */; };
		4674420C3036078000E2DD84 /* pixelfish.png in CopyFiles */ = {isa = PBXBuildFile; fileRef = 46ABFEED302CC2DE00C95998 /* pixelfish.png */; };
		4674420D3036078000E2DD84 /* sanity_cube.png in CopyFiles */ = {isa = PBXBuildFile; fileRef = 46ABFEEE302CC2DE00C95998 /* sanity_cube.png */; };
		4674420E3036078000E2DD84 /* sanity_texture.png in CopyFiles */ = {isa = PBXBuildFile; fileRef = 46ABFEEF302CC2DE00C95998 /* sanity_texture.png */; };
		4674420F3036078000E2DD84 /* tile_atlas_4x4_16x16.png in CopyFiles */ = {isa = PBXBuildFile; fileRef = 46ABFEF0302CC2DE00C95998 /* tile_atlas_4x4_16x16.png */; };
		467797882FF022A300171349 /* hw_keyboard.cpp in Sources */ = {isa = PBXBuildFile; fileRef = 467797832FF022A300171349 /* hw_keyboard.cpp */; };
		467797892FF022A300171349 /* hw_touch.cpp in Sources */ = {isa = PBXBuildFile; fileRef = 467797852FF022A300171349 /* hw_touch.cpp */; };
		4677978A2FF022A300171349 /* draw.cpp in Sources */ = {isa = PBXBuildFile; fileRef = 467797812FF022A300171349 /* draw.cpp */; };
		4677978B2FF022A300171349 /* draw_batch.cpp in Sources */ = {isa = PBXBuildFile; fileRef = 467797822FF022A300171349 /* draw_batch.cpp */; };
		4677978C2FF022A300171349 /* hw_keyboard.cpp in Sources */ = {isa = PBXBuildFile; fileRef = 467797832FF022A300171349 /* hw_keyboard.cpp */; };
		4677978D2FF022A300171349 /* hw_touch.cpp in Sources */ = {isa = PBXBuildFile; fileRef = 467797852FF022A300171349 /* hw_touch.cpp */; };
		4677978E2FF022A300171349 /* draw.cpp in Sources */ = {isa = PBXBuildFile; fileRef = 467797812FF022A300171349 /* draw.cpp */; };
		4677978F2FF022A300171349 /* draw_batch.cpp in Sources */ = {isa = PBXBuildFile; fileRef = 467797822FF022A300171349 /* draw_batch.cpp */; };
		46964CE82EE5C23300B7BCF1 /* api_macos.cpp in Sources */ = {isa = PBXBuildFile; fileRef = 46964CE62EE5C23300B7BCF1 /* api_macos.cpp */; };
		469A92132E79B0F1007BB460 /* hw_mouse.cpp in Sources */ = {isa = PBXBuildFile; fileRef = 469A92122E79B0F1007BB460 /* hw_mouse.cpp */; };
		469A92142E79B0F1007BB461 /* hw_mouse.cpp in Sources */ = {isa = PBXBuildFile; fileRef = 469A92122E79B0F1007BB460 /* hw_mouse.cpp */; };
		46A1B5982E40F8B0009734EE /* GLKit.framework in Frameworks */ = {isa = PBXBuildFile; fileRef = 46A1B5972E40F8B0009734EE /* GLKit.framework */; };
		46A1B5A02E39196500B74FA5 /* Metal.framework in Frameworks */ = {isa = PBXBuildFile; fileRef = 46E85DFC2E39137100B74FA3 /* Metal.framework */; };
		46A1B5A12E39195A00B74FA5 /* QuartzCore.framework in Frameworks */ = {isa = PBXBuildFile; fileRef = 46E85DFA2E39136800B74FA3 /* QuartzCore.framework */; };
		46A1B5A22E39193D00B74FA5 /* Foundation.framework in Frameworks */ = {isa = PBXBuildFile; fileRef = 46E85DF62E39135300B74FA3 /* Foundation.framework */; };
		46ABFEA7302CC0B600C95998 /* OpenGLES.framework in Frameworks */ = {isa = PBXBuildFile; fileRef = 46ABFEA6302CC0B600C95998 /* OpenGLES.framework */; };
		46ABFEA9302CC0BF00C95998 /* UIKit.framework in Frameworks */ = {isa = PBXBuildFile; fileRef = 46ABFEA8302CC0BF00C95998 /* UIKit.framework */; };
		46ABFEBE302CC20600C95998 /* OpenGL.framework in Frameworks */ = {isa = PBXBuildFile; fileRef = 46E85DF82E39135B00B74FA3 /* OpenGL.framework */; };
		46ABFEBF302CC20600C95998 /* MetalKit.framework in Frameworks */ = {isa = PBXBuildFile; fileRef = 46B1E5942E40F8B0009734EC /* MetalKit.framework */; };
		46ABFEC0302CC20600C95998 /* AppKit.framework in Frameworks */ = {isa = PBXBuildFile; fileRef = 46B1E5922E40F8A6009734EC /* AppKit.framework */; };
		46ABFEC1302CC20600C95998 /* Metal.framework in Frameworks */ = {isa = PBXBuildFile; fileRef = 46E85DFC2E39137100B74FA3 /* Metal.framework */; };
		46ABFEC2302CC20600C95998 /* QuartzCore.framework in Frameworks */ = {isa = PBXBuildFile; fileRef = 46E85DFA2E39136800B74FA3 /* QuartzCore.framework */; };
		46ABFEC3302CC20600C95998 /* Foundation.framework in Frameworks */ = {isa = PBXBuildFile; fileRef = 46E85DF62E39135300B74FA3 /* Foundation.framework */; };
		46ABFEDD302CC25F00C95998 /* OpenGLES.framework in Frameworks */ = {isa = PBXBuildFile; fileRef = 46ABFEA6302CC0B600C95998 /* OpenGLES.framework */; };
		46ABFEDE302CC25F00C95998 /* UIKit.framework in Frameworks */ = {isa = PBXBuildFile; fileRef = 46ABFEA8302CC0BF00C95998 /* UIKit.framework */; };
		46ABFEDF302CC25F00C95998 /* GLKit.framework in Frameworks */ = {isa = PBXBuildFile; fileRef = 46A1B5972E40F8B0009734EE /* GLKit.framework */; };
		46ABFEE0302CC25F00C95998 /* Metal.framework in Frameworks */ = {isa = PBXBuildFile; fileRef = 46E85DFC2E39137100B74FA3 /* Metal.framework */; };
		46ABFEE1302CC25F00C95998 /* QuartzCore.framework in Frameworks */ = {isa = PBXBuildFile; fileRef = 46E85DFA2E39136800B74FA3 /* QuartzCore.framework */; };
		46ABFEE2302CC25F00C95998 /* Foundation.framework in Frameworks */ = {isa = PBXBuildFile; fileRef = 46E85DF62E39135300B74FA3 /* Foundation.framework */; };
		46ABFF58302CC3D200C95998 /* gpu_iface.cpp in Sources */ = {isa = PBXBuildFile; fileRef = 462680D02E6C3C4500799C36 /* gpu_iface.cpp */; };
		46ABFF5A302CC44100C95998 /* olcPGE3_Touch.cpp in Sources */ = {isa = PBXBuildFile; fileRef = 46ABFF11302CC2DE00C95998 /* olcPGE3_Touch.cpp */; };
		46B1E5932E40F8A6009734EC /* AppKit.framework in Frameworks */ = {isa = PBXBuildFile; fileRef = 46B1E5922E40F8A6009734EC /* AppKit.framework */; };
		46B1E5952E40F8B0009734EC /* MetalKit.framework in Frameworks */ = {isa = PBXBuildFile; fileRef = 46B1E5942E40F8B0009734EC /* MetalKit.framework */; };
		46C0F41D2F0D08940053B0C8 /* imload_ios.cpp in Sources */ = {isa = PBXBuildFile; fileRef = 46C0F41C2F0D08940053B0C8 /* imload_ios.cpp */; };
		46C0F41E2F0D08940053B0C8 /* api_ios.cpp in Sources */ = {isa = PBXBuildFile; fileRef = 46C0F4192F0D08940053B0C8 /* api_ios.cpp */; };
		46C8F5B92E7DA67900C11019 /* imload_macos.cpp in Sources */ = {isa = PBXBuildFile; fileRef = 46C8F5B82E7DA67900C11019 /* imload_macos.cpp */; };
		46E85DFE2E39193D00B74FA3 /* Foundation.framework in Frameworks */ = {isa = PBXBuildFile; fileRef = 46E85DF62E39135300B74FA3 /* Foundation.framework */; };
		46E85DFF2E39195A00B74FA3 /* QuartzCore.framework in Frameworks */ = {isa = PBXBuildFile; fileRef = 46E85DFA2E39136800B74FA3 /* QuartzCore.framework */; };
		46E85E002E39196500B74FA3 /* Metal.framework in Frameworks */ = {isa = PBXBuildFile; fileRef = 46E85DFC2E39137100B74FA3 /* Metal.framework */; };
		46E85E062E3924CC00B74FA3 /* api_opengl.cpp in Sources */ = {isa = PBXBuildFile; fileRef = 460495DB2E300E000047E223 /* api_opengl.cpp */; };
		46E85E072E3924D900B74FA3 /* host_apple_macos.cpp in Sources */ = {isa = PBXBuildFile; fileRef = 460495E42E300E000047E223 /* host_apple_macos.cpp */; };
		46E85E092E3924FB00B74FA3 /* core.cpp in Sources */ = {isa = PBXBuildFile; fileRef = 460495DD2E300E000047E223 /* core.cpp */; };
		46E85E0A2E39252200B74FA3 /* window.cpp in Sources */ = {isa = PBXBuildFile; fileRef = 460495F22E300E000047E223 /* window.cpp */; };
		46E85E0B2E39252B00B74FA3 /* gpu_opengl33.cpp in Sources */ = {isa = PBXBuildFile; fileRef = 460495E12E300E000047E223 /* gpu_opengl33.cpp */; };
		46E85E0C2E3924CC00B74FA4 /* api_opengl.cpp in Sources */ = {isa = PBXBuildFile; fileRef = 460495DB2E300E000047E223 /* api_opengl.cpp */; };
		46E85E0E2E3924FB00B74FA4 /* core.cpp in Sources */ = {isa = PBXBuildFile; fileRef = 460495DD2E300E000047E223 /* core.cpp */; };
		46E85E0F2E39252200B74FA4 /* window.cpp in Sources */ = {isa = PBXBuildFile; fileRef = 460495F22E300E000047E223 /* window.cpp */; };
		46E85E102E39252B00B74FA4 /* gpu_opengl33.cpp in Sources */ = {isa = PBXBuildFile; fileRef = 460495E12E300E000047E223 /* gpu_opengl33.cpp */; };
/* End PBXBuildFile section */

/* Begin PBXCopyFilesBuildPhase section */
		467442063036073C00E2DD84 /* CopyFiles */ = {
			isa = PBXCopyFilesBuildPhase;
			buildActionMask = 2147483647;
			dstPath = "";
			dstSubfolderSpec = 7;
			files = (
			);
			runOnlyForDeploymentPostprocessing = 0;
		};
		467442073036076000E2DD84 /* CopyFiles */ = {
			isa = PBXCopyFilesBuildPhase;
			buildActionMask = 2147483647;
			dstPath = assets;
			dstSubfolderSpec = 7;
			files = (
				467442083036078000E2DD84 /* gamescene.png in CopyFiles */,
				467442093036078000E2DD84 /* graph_paper.png in CopyFiles */,
				4674420A3036078000E2DD84 /* minsanity_texture.png in CopyFiles */,
				4674420B3036078000E2DD84 /* olc_font.png in CopyFiles */,
				4674420C3036078000E2DD84 /* pixelfish.png in CopyFiles */,
				4674420D3036078000E2DD84 /* sanity_cube.png in CopyFiles */,
				4674420E3036078000E2DD84 /* sanity_texture.png in CopyFiles */,
				4674420F3036078000E2DD84 /* tile_atlas_4x4_16x16.png in CopyFiles */,
			);
			runOnlyForDeploymentPostprocessing = 0;
		};
		46ABFEC4302CC20600C95998 /* CopyFiles */ = {
			isa = PBXCopyFilesBuildPhase;
			buildActionMask = 2147483647;
			dstPath = /usr/share/man/man1/;
			dstSubfolderSpec = 0;
			files = (
			);
			runOnlyForDeploymentPostprocessing = 1;
		};
		8998CE1E2E057F4E007DDD96 /* CopyFiles */ = {
			isa = PBXCopyFilesBuildPhase;
			buildActionMask = 2147483647;
			dstPath = /usr/share/man/man1/;
			dstSubfolderSpec = 0;
			files = (
			);
			runOnlyForDeploymentPostprocessing = 1;
		};
/* End PBXCopyFilesBuildPhase section */

/* Begin PBXFileReference section */
		460495DA2E300E000047E223 /* api_opengl.h */ = {isa = PBXFileReference; lastKnownFileType = sourcecode.c.h; path = api_opengl.h; sourceTree = "<group>"; };
		460495DB2E300E000047E223 /* api_opengl.cpp */ = {isa = PBXFileReference; lastKnownFileType = sourcecode.cpp.cpp; path = api_opengl.cpp; sourceTree = "<group>"; };
		460495DC2E300E000047E223 /* core.h */ = {isa = PBXFileReference; lastKnownFileType = sourcecode.c.h; path = core.h; sourceTree = "<group>"; };
		460495DD2E300E000047E223 /* core.cpp */ = {isa = PBXFileReference; lastKnownFileType = sourcecode.cpp.cpp; path = core.cpp; sourceTree = "<group>"; };
		460495DF2E300E000047E223 /* gpu_iface.h */ = {isa = PBXFileReference; lastKnownFileType = sourcecode.c.h; path = gpu_iface.h; sourceTree = "<group>"; };
		460495E02E300E000047E223 /* gpu_opengl33.h */ = {isa = PBXFileReference; lastKnownFileType = sourcecode.c.h; path = gpu_opengl33.h; sourceTree = "<group>"; };
		460495E12E300E000047E223 /* gpu_opengl33.cpp */ = {isa = PBXFileReference; lastKnownFileType = sourcecode.cpp.cpp; path = gpu_opengl33.cpp; sourceTree = "<group>"; };
		460495E22E300E000047E223 /* gputask.h */ = {isa = PBXFileReference; lastKnownFileType = sourcecode.c.h; path = gputask.h; sourceTree = "<group>"; };
		460495E32E300E000047E223 /* host_apple_macos.h */ = {isa = PBXFileReference; lastKnownFileType = sourcecode.c.h; path = host_apple_macos.h; sourceTree = "<group>"; };
		460495E42E300E000047E223 /* host_apple_macos.cpp */ = {isa = PBXFileReference; lastKnownFileType = sourcecode.cpp.cpp; path = host_apple_macos.cpp; sourceTree = "<group>"; };
		460495E52E300E000047E223 /* host_iface.h */ = {isa = PBXFileReference; lastKnownFileType = sourcecode.c.h; path = host_iface.h; sourceTree = "<group>"; };
		460495E62E300E000047E223 /* host_lin_wayland.h */ = {isa = PBXFileReference; lastKnownFileType = sourcecode.c.h; path = host_lin_wayland.h; sourceTree = "<group>"; };
		460495E72E300E000047E223 /* host_lin_x11.h */ = {isa = PBXFileReference; lastKnownFileType = sourcecode.c.h; path = host_lin_x11.h; sourceTree = "<group>"; };
		460495E82E300E000047E223 /* host_web_emscripten.h */ = {isa = PBXFileReference; lastKnownFileType = sourcecode.c.h; path = host_web_emscripten.h; sourceTree = "<group>"; };
		460495EB2E300E000047E223 /* image.h */ = {isa = PBXFileReference; lastKnownFileType = sourcecode.c.h; path = image.h; sourceTree = "<group>"; };
		460495EC2E300E000047E223 /* image.cpp */ = {isa = PBXFileReference; lastKnownFileType = sourcecode.cpp.cpp; path = image.cpp; sourceTree = "<group>"; };
		460495ED2E300E000047E223 /* matrix3d.h */ = {isa = PBXFileReference; lastKnownFileType = sourcecode.c.h; path = matrix3d.h; sourceTree = "<group>"; };
		460495EE2E300E000047E223 /* olcpge3.h */ = {isa = PBXFileReference; lastKnownFileType = sourcecode.c.h; path = olcpge3.h; sourceTree = "<group>"; };
		460495EF2E300E000047E223 /* polyform.h */ = {isa = PBXFileReference; lastKnownFileType = sourcecode.c.h; path = polyform.h; sourceTree = "<group>"; };
		460495F02E300E000047E223 /* sh_template.h */ = {isa = PBXFileReference; lastKnownFileType = sourcecode.c.h; path = sh_template.h; sourceTree = "<group>"; };
		460495F12E300E000047E223 /* window.h */ = {isa = PBXFileReference; lastKnownFileType = sourcecode.c.h; path = window.h; sourceTree = "<group>"; };
		460495F22E300E000047E223 /* window.cpp */ = {isa = PBXFileReference; lastKnownFileType = sourcecode.cpp.cpp; path = window.cpp; sourceTree = "<group>"; };
		460495FB2E300E0F0047E223 /* test_mh.cpp */ = {isa = PBXFileReference; lastKnownFileType = sourcecode.cpp.cpp; path = test_mh.cpp; sourceTree = "<group>"; };
		461B0B682F04346B00F47017 /* host_apple_ios.h */ = {isa = PBXFileReference; lastKnownFileType = sourcecode.c.h; path = host_apple_ios.h; sourceTree = "<group>"; };
		461B0B692F04346B00F47017 /* host_apple_ios.cpp */ = {isa = PBXFileReference; lastKnownFileType = sourcecode.cpp.cpp; path = host_apple_ios.cpp; sourceTree = "<group>"; };
		462680D02E6C3C4500799C36 /* gpu_iface.cpp */ = {isa = PBXFileReference; lastKnownFileType = sourcecode.cpp.cpp; path = gpu_iface.cpp; sourceTree = "<group>"; };
		467318B82EEC213700714D4C /* font.h */ = {isa = PBXFileReference; lastKnownFileType = sourcecode.c.h; path = font.h; sourceTree = "<group>"; };
		467318B92EEC213700714D4C /* font.cpp */ = {isa = PBXFileReference; lastKnownFileType = sourcecode.cpp.cpp; path = font.cpp; sourceTree = "<group>"; };
		46744202303606F600E2DD84 /* CoreGraphics.framework */ = {isa = PBXFileReference; lastKnownFileType = wrapper.framework; name = CoreGraphics.framework; path = Platforms/iPhoneOS.platform/Developer/SDKs/iPhoneOS26.2.sdk/System/Library/Frameworks/CoreGraphics.framework; sourceTree = DEVELOPER_DIR; };
		467797802FF022A300171349 /* draw.h */ = {isa = PBXFileReference; lastKnownFileType = sourcecode.c.h; path = draw.h; sourceTree = "<group>"; };
		467797812FF022A300171349 /* draw.cpp */ = {isa = PBXFileReference; lastKnownFileType = sourcecode.cpp.cpp; path = draw.cpp; sourceTree = "<group>"; };
		467797822FF022A300171349 /* draw_batch.cpp */ = {isa = PBXFileReference; lastKnownFileType = sourcecode.cpp.cpp; path = draw_batch.cpp; sourceTree = "<group>"; };
		467797832FF022A300171349 /* hw_keyboard.cpp */ = {isa = PBXFileReference; lastKnownFileType = sourcecode.cpp.cpp; path = hw_keyboard.cpp; sourceTree = "<group>"; };
		467797842FF022A300171349 /* hw_touch.h */ = {isa = PBXFileReference; lastKnownFileType = sourcecode.c.h; path = hw_touch.h; sourceTree = "<group>"; };
		467797852FF022A300171349 /* hw_touch.cpp */ = {isa = PBXFileReference; lastKnownFileType = sourcecode.cpp.cpp; path = hw_touch.cpp; sourceTree = "<group>"; };
		467797862FF022A300171349 /* matrix4d.h */ = {isa = PBXFileReference; lastKnownFileType = sourcecode.c.h; path = matrix4d.h; sourceTree = "<group>"; };
		467797872FF022A300171349 /* vector4d.h */ = {isa = PBXFileReference; lastKnownFileType = sourcecode.c.h; path = vector4d.h; sourceTree = "<group>"; };
		46964CE52EE5C23300B7BCF1 /* api_macos.h */ = {isa = PBXFileReference; lastKnownFileType = sourcecode.c.h; path = api_macos.h; sourceTree = "<group>"; };
		46964CE62EE5C23300B7BCF1 /* api_macos.cpp */ = {isa = PBXFileReference; lastKnownFileType = sourcecode.cpp.cpp; path = api_macos.cpp; sourceTree = "<group>"; };
		46964CE72EE5C23300B7BCF1 /* api_macos_wrapper.hpp */ = {isa = PBXFileReference; lastKnownFileType = sourcecode.cpp.h; path = api_macos_wrapper.hpp; sourceTree = "<group>"; };
		469A920E2E79B01E007BB460 /* hw_input.h */ = {isa = PBXFileReference; lastKnownFileType = sourcecode.c.h; path = hw_input.h; sourceTree = "<group>"; };
		469A920F2E79B03C007BB460 /* imload_iface.h */ = {isa = PBXFileReference; lastKnownFileType = sourcecode.c.h; path = imload_iface.h; sourceTree = "<group>"; };
		469A92102E79B04B007BB460 /* hw_keyboard.h */ = {isa = PBXFileReference; lastKnownFileType = sourcecode.c.h; path = hw_keyboard.h; sourceTree = "<group>"; };
		469A92112E79B0B0007BB460 /* hw_mouse.h */ = {isa = PBXFileReference; lastKnownFileType = sourcecode.c.h; path = hw_mouse.h; sourceTree = "<group>"; };
		469A92122E79B0F1007BB460 /* hw_mouse.cpp */ = {isa = PBXFileReference; lastKnownFileType = sourcecode.cpp.cpp; path = hw_mouse.cpp; sourceTree = "<group>"; };
		46A1B5972E40F8B0009734EE /* GLKit.framework */ = {isa = PBXFileReference; lastKnownFileType = wrapper.framework; name = GLKit.framework; path = System/Library/Frameworks/GLKit.framework; sourceTree = SDKROOT; };
		46ABFEA6302CC0B600C95998 /* OpenGLES.framework */ = {isa = PBXFileReference; lastKnownFileType = wrapper.framework; name = OpenGLES.framework; path = Platforms/iPhoneOS.platform/Developer/SDKs/iPhoneOS26.2.sdk/System/Library/Frameworks/OpenGLES.framework; sourceTree = DEVELOPER_DIR; };
		46ABFEA8302CC0BF00C95998 /* UIKit.framework */ = {isa = PBXFileReference; lastKnownFileType = wrapper.framework; name = UIKit.framework; path = Platforms/iPhoneOS.platform/Developer/SDKs/iPhoneOS26.2.sdk/System/Library/Frameworks/UIKit.framework; sourceTree = DEVELOPER_DIR; };
		46ABFEC8302CC20600C95998 /* olcPGE3_SH */ = {isa = PBXFileReference; explicitFileType = "compiled.mach-o.executable"; includeInIndex = 0; path = olcPGE3_SH; sourceTree = BUILT_PRODUCTS_DIR; };
		46ABFEE6302CC25F00C95998 /* olcPGE3_iOS_SH.app */ = {isa = PBXFileReference; explicitFileType = wrapper.application; includeInIndex = 0; path = olcPGE3_iOS_SH.app; sourceTree = BUILT_PRODUCTS_DIR; };
		46ABFEE9302CC2DE00C95998 /* gamescene.png */ = {isa = PBXFileReference; lastKnownFileType = image.png; path = gamescene.png; sourceTree = "<group>"; };
		46ABFEEA302CC2DE00C95998 /* graph_paper.png */ = {isa = PBXFileReference; lastKnownFileType = image.png; path = graph_paper.png; sourceTree = "<group>"; };
		46ABFEEB302CC2DE00C95998 /* minsanity_texture.png */ = {isa = PBXFileReference; lastKnownFileType = image.png; path = minsanity_texture.png; sourceTree = "<group>"; };
		46ABFEEC302CC2DE00C95998 /* olc_font.png */ = {isa = PBXFileReference; lastKnownFileType = image.png; path = olc_font.png; sourceTree = "<group>"; };
		46ABFEED302CC2DE00C95998 /* pixelfish.png */ = {isa = PBXFileReference; lastKnownFileType = image.png; path = pixelfish.png; sourceTree = "<group>"; };
		46ABFEEE302CC2DE00C95998 /* sanity_cube.png */ = {isa = PBXFileReference; lastKnownFileType = image.png; path = sanity_cube.png; sourceTree = "<group>"; };
		46ABFEEF302CC2DE00C95998 /* sanity_texture.png */ = {isa = PBXFileReference; lastKnownFileType = image.png; path = sanity_texture.png; sourceTree = "<group>"; };
		46ABFEF0302CC2DE00C95998 /* tile_atlas_4x4_16x16.png */ = {isa = PBXFileReference; lastKnownFileType = image.png; path = tile_atlas_4x4_16x16.png; sourceTree = "<group>"; };
		46ABFEF2302CC2DE00C95998 /* CMakeLists.txt */ = {isa = PBXFileReference; lastKnownFileType = text; path = CMakeLists.txt; sourceTree = "<group>"; };
		46ABFEF4302CC2DE00C95998 /* olcPGE3_3DCube.cpp */ = {isa = PBXFileReference; lastKnownFileType = sourcecode.cpp.cpp; path = olcPGE3_3DCube.cpp; sourceTree = "<group>"; };
		46ABFEF6302CC2DE00C95998 /* olcPGE3_AntiAliasing.cpp */ = {isa = PBXFileReference; lastKnownFileType = sourcecode.cpp.cpp; path = olcPGE3_AntiAliasing.cpp; sourceTree = "<group>"; };
		46ABFEF7302CC2DE00C95998 /* olcPGE3_BatchesOfFills.cpp */ = {isa = PBXFileReference; lastKnownFileType = sourcecode.cpp.cpp; path = olcPGE3_BatchesOfFills.cpp; sourceTree = "<group>"; };
		46ABFEF8302CC2DE00C95998 /* olcPGE3_BatchesOfLines.cpp */ = {isa = PBXFileReference; lastKnownFileType = sourcecode.cpp.cpp; path = olcPGE3_BatchesOfLines.cpp; sourceTree = "<group>"; };
		46ABFEF9302CC2DE00C95998 /* olcPGE3_BlendingModes.cpp */ = {isa = PBXFileReference; lastKnownFileType = sourcecode.cpp.cpp; path = olcPGE3_BlendingModes.cpp; sourceTree = "<group>"; };
		46ABFEFA302CC2DE00C95998 /* olcPGE3_Camera2D_Tiles.cpp */ = {isa = PBXFileReference; lastKnownFileType = sourcecode.cpp.cpp; path = olcPGE3_Camera2D_Tiles.cpp; sourceTree = "<group>"; };
		46ABFEFB302CC2DE00C95998 /* olcPGE3_CirclesEllipses.cpp */ = {isa = PBXFileReference; lastKnownFileType = sourcecode.cpp.cpp; path = olcPGE3_CirclesEllipses.cpp; sourceTree = "<group>"; };
		46ABFEFC302CC2DE00C95998 /* olcPGE3_Extensions.cpp */ = {isa = PBXFileReference; lastKnownFileType = sourcecode.cpp.cpp; path = olcPGE3_Extensions.cpp; sourceTree = "<group>"; };
		46ABFEFD302CC2DE00C95998 /* olcPGE3_Fish.cpp */ = {isa = PBXFileReference; lastKnownFileType = sourcecode.cpp.cpp; path = olcPGE3_Fish.cpp; sourceTree = "<group>"; };
		46ABFEFE302CC2DE00C95998 /* olcPGE3_FrameGraph.cpp */ = {isa = PBXFileReference; lastKnownFileType = sourcecode.cpp.cpp; path = olcPGE3_FrameGraph.cpp; sourceTree = "<group>"; };
		46ABFEFF302CC2DE00C95998 /* olcPGE3_ImageQuads.cpp */ = {isa = PBXFileReference; lastKnownFileType = sourcecode.cpp.cpp; path = olcPGE3_ImageQuads.cpp; sourceTree = "<group>"; };
		46ABFF00302CC2DE00C95998 /* olcPGE3_ImageQuads-FromMemory.cpp */ = {isa = PBXFileReference; lastKnownFileType = sourcecode.cpp.cpp; path = "olcPGE3_ImageQuads-FromMemory.cpp"; sourceTree = "<group>"; };
		46ABFF01302CC2DE00C95998 /* olcPGE3_ImageRect.cpp */ = {isa = PBXFileReference; lastKnownFileType = sourcecode.cpp.cpp; path = olcPGE3_ImageRect.cpp; sourceTree = "<group>"; };
		46ABFF02302CC2DE00C95998 /* olcPGE3_ImageRegion.cpp */ = {isa = PBXFileReference; lastKnownFileType = sourcecode.cpp.cpp; path = olcPGE3_ImageRegion.cpp; sourceTree = "<group>"; };
		46ABFF03302CC2DE00C95998 /* olcPGE3_ImageScaleRotate.cpp */ = {isa = PBXFileReference; lastKnownFileType = sourcecode.cpp.cpp; path = olcPGE3_ImageScaleRotate.cpp; sourceTree = "<group>"; };
		46ABFF04302CC2DE00C95998 /* olcPGE3_ImageTiling.cpp */ = {isa = PBXFileReference; lastKnownFileType = sourcecode.cpp.cpp; path = olcPGE3_ImageTiling.cpp; sourceTree = "<group>"; };
		46ABFF05302CC2DE00C95998 /* olcPGE3_Keyboard.cpp */ = {isa = PBXFileReference; lastKnownFileType = sourcecode.cpp.cpp; path = olcPGE3_Keyboard.cpp; sourceTree = "<group>"; };
		46ABFF06302CC2DE00C95998 /* olcPGE3_Lines.cpp */ = {isa = PBXFileReference; lastKnownFileType = sourcecode.cpp.cpp; path = olcPGE3_Lines.cpp; sourceTree = "<group>"; };
		46ABFF07302CC2DE00C95998 /* olcPGE3_LocalTransforms.cpp */ = {isa = PBXFileReference; lastKnownFileType = sourcecode.cpp.cpp; path = olcPGE3_LocalTransforms.cpp; sourceTree = "<group>"; };
		46ABFF08302CC2DE00C95998 /* olcPGE3_Mouse.cpp */ = {isa = PBXFileReference; lastKnownFileType = sourcecode.cpp.cpp; path = olcPGE3_Mouse.cpp; sourceTree = "<group>"; };
		46ABFF09302CC2DE00C95998 /* olcPGE3_Pixels.cpp */ = {isa = PBXFileReference; lastKnownFileType = sourcecode.cpp.cpp; path = olcPGE3_Pixels.cpp; sourceTree = "<group>"; };
		46ABFF0A302CC2DE00C95998 /* olcPGE3_PixelShaders.cpp */ = {isa = PBXFileReference; lastKnownFileType = sourcecode.cpp.cpp; path = olcPGE3_PixelShaders.cpp; sourceTree = "<group>"; };
		46ABFF0B302CC2DE00C95998 /* olcPGE3_Polygons.cpp */ = {isa = PBXFileReference; lastKnownFileType = sourcecode.cpp.cpp; path = olcPGE3_Polygons.cpp; sourceTree = "<group>"; };
		46ABFF0C302CC2DE00C95998 /* olcPGE3_Rectangles.cpp */ = {isa = PBXFileReference; lastKnownFileType = sourcecode.cpp.cpp; path = olcPGE3_Rectangles.cpp; sourceTree = "<group>"; };
		46ABFF0D302CC2DE00C95998 /* olcPGE3_Shockwave.cpp */ = {isa = PBXFileReference; lastKnownFileType = sourcecode.cpp.cpp; path = olcPGE3_Shockwave.cpp; sourceTree = "<group>"; };
		46ABFF0E302CC2DE00C95998 /* olcPGE3_SimplePixelShaders.cpp */ = {isa = PBXFileReference; lastKnownFileType = sourcecode.cpp.cpp; path = olcPGE3_SimplePixelShaders.cpp; sourceTree = "<group>"; };
		46ABFF0F302CC2DE00C95998 /* olcPGE3_TextBasics.cpp */ = {isa = PBXFileReference; lastKnownFileType = sourcecode.cpp.cpp; path = olcPGE3_TextBasics.cpp; sourceTree = "<group>"; };
		46ABFF10302CC2DE00C95998 /* olcPGE3_TextFontMap.cpp */ = {isa = PBXFileReference; lastKnownFileType = sourcecode.cpp.cpp; path = olcPGE3_TextFontMap.cpp; sourceTree = "<group>"; };
		46ABFF11302CC2DE00C95998 /* olcPGE3_Touch.cpp */ = {isa = PBXFileReference; lastKnownFileType = sourcecode.cpp.cpp; path = olcPGE3_Touch.cpp; sourceTree = "<group>"; };
		46ABFF12302CC2DE00C95998 /* olcPGE3_WorldTransform.cpp */ = {isa = PBXFileReference; lastKnownFileType = sourcecode.cpp.cpp; path = olcPGE3_WorldTransform.cpp; sourceTree = "<group>"; };
		46ABFF14302CC2DE00C95998 /* olcUTIL3_Animate2D.h */ = {isa = PBXFileReference; lastKnownFileType = sourcecode.c.h; path = olcUTIL3_Animate2D.h; sourceTree = "<group>"; };
		46ABFF15302CC2DE00C95998 /* olcUTIL3_Camera2D.h */ = {isa = PBXFileReference; lastKnownFileType = sourcecode.c.h; path = olcUTIL3_Camera2D.h; sourceTree = "<group>"; };
		46ABFF16302CC2DE00C95998 /* olcUTIL3_GameMode.h */ = {isa = PBXFileReference; lastKnownFileType = sourcecode.c.h; path = olcUTIL3_GameMode.h; sourceTree = "<group>"; };
		46ABFF17302CC2DE00C95998 /* olcUTIL3_Geometry2D.h */ = {isa = PBXFileReference; lastKnownFileType = sourcecode.c.h; path = olcUTIL3_Geometry2D.h; sourceTree = "<group>"; };
		46ABFF5B302CC58200C95998 /* olcPixelGameEngine3.h */ = {isa = PBXFileReference; lastKnownFileType = sourcecode.c.h; name = olcPixelGameEngine3.h; path = /Users/mickymacm4/Documents/olcPGE3_ios_playground/olcPixelGameEngine3.h; sourceTree = "<absolute>"; };
		46B1E5922E40F8A6009734EC /* AppKit.framework */ = {isa = PBXFileReference; lastKnownFileType = wrapper.framework; name = AppKit.framework; path = System/Library/Frameworks/AppKit.framework; sourceTree = SDKROOT; };
		46B1E5942E40F8B0009734EC /* MetalKit.framework */ = {isa = PBXFileReference; lastKnownFileType = wrapper.framework; name = MetalKit.framework; path = System/Library/Frameworks/MetalKit.framework; sourceTree = SDKROOT; };
		46C0F4182F0D08940053B0C8 /* api_ios.h */ = {isa = PBXFileReference; lastKnownFileType = sourcecode.c.h; path = api_ios.h; sourceTree = "<group>"; };
		46C0F4192F0D08940053B0C8 /* api_ios.cpp */ = {isa = PBXFileReference; lastKnownFileType = sourcecode.cpp.cpp; path = api_ios.cpp; sourceTree = "<group>"; };
		46C0F41A2F0D08940053B0C8 /* api_ios_wrapper.hpp */ = {isa = PBXFileReference; lastKnownFileType = sourcecode.cpp.h; path = api_ios_wrapper.hpp; sourceTree = "<group>"; };
		46C0F41B2F0D08940053B0C8 /* imload_ios.h */ = {isa = PBXFileReference; lastKnownFileType = sourcecode.c.h; path = imload_ios.h; sourceTree = "<group>"; };
		46C0F41C2F0D08940053B0C8 /* imload_ios.cpp */ = {isa = PBXFileReference; lastKnownFileType = sourcecode.cpp.cpp; path = imload_ios.cpp; sourceTree = "<group>"; };
		46C8F5B72E7DA67900C11019 /* imload_macos.h */ = {isa = PBXFileReference; lastKnownFileType = sourcecode.c.h; path = imload_macos.h; sourceTree = "<group>"; };
		46C8F5B82E7DA67900C11019 /* imload_macos.cpp */ = {isa = PBXFileReference; lastKnownFileType = sourcecode.cpp.cpp; path = imload_macos.cpp; sourceTree = "<group>"; };
		46E85DF62E39135300B74FA3 /* Foundation.framework */ = {isa = PBXFileReference; lastKnownFileType = wrapper.framework; name = Foundation.framework; path = System/Library/Frameworks/Foundation.framework; sourceTree = SDKROOT; };
		46E85DF82E39135B00B74FA3 /* OpenGL.framework */ = {isa = PBXFileReference; lastKnownFileType = wrapper.framework; name = OpenGL.framework; path = System/Library/Frameworks/OpenGL.framework; sourceTree = SDKROOT; };
		46E85DFA2E39136800B74FA3 /* QuartzCore.framework */ = {isa = PBXFileReference; lastKnownFileType = wrapper.framework; name = QuartzCore.framework; path = System/Library/Frameworks/QuartzCore.framework; sourceTree = SDKROOT; };
		46E85DFC2E39137100B74FA3 /* Metal.framework */ = {isa = PBXFileReference; lastKnownFileType = wrapper.framework; name = Metal.framework; path = System/Library/Frameworks/Metal.framework; sourceTree = SDKROOT; };
		8998CE202E057F4E007DDD96 /* olcPGE3 */ = {isa = PBXFileReference; explicitFileType = "compiled.mach-o.executable"; includeInIndex = 0; path = olcPGE3; sourceTree = BUILT_PRODUCTS_DIR; };
		8998CE2C2E057F85007DDD96 /* CMakeLists.txt */ = {isa = PBXFileReference; fileEncoding = 4; lastKnownFileType = text; path = CMakeLists.txt; sourceTree = "<group>"; };
		8998CE332E057F92007DDD96 /* pixel.h */ = {isa = PBXFileReference; fileEncoding = 4; lastKnownFileType = sourcecode.c.h; path = pixel.h; sourceTree = "<group>"; };
		8998CE342E057F92007DDD96 /* config.h */ = {isa = PBXFileReference; fileEncoding = 4; lastKnownFileType = sourcecode.c.h; path = config.h; sourceTree = "<group>"; };
		8998CE362E057F92007DDD96 /* vector2d.h */ = {isa = PBXFileReference; fileEncoding = 4; lastKnownFileType = sourcecode.c.h; path = vector2d.h; sourceTree = "<group>"; };
		8998CE372E057F92007DDD96 /* transform2d.h */ = {isa = PBXFileReference; fileEncoding = 4; lastKnownFileType = sourcecode.c.h; path = transform2d.h; sourceTree = "<group>"; };
		8998CE402E057F4E007DDD98 /* olcPGE3_iOS.app */ = {isa = PBXFileReference; explicitFileType = wrapper.application; includeInIndex = 0; path = olcPGE3_iOS.app; sourceTree = BUILT_PRODUCTS_DIR; };
/* End PBXFileReference section */

/* Begin PBXFrameworksBuildPhase section */
		46ABFEBD302CC20600C95998 /* Frameworks */ = {
			isa = PBXFrameworksBuildPhase;
			buildActionMask = 2147483647;
			files = (
				46ABFEBE302CC20600C95998 /* OpenGL.framework in Frameworks */,
				46ABFEBF302CC20600C95998 /* MetalKit.framework in Frameworks */,
				46ABFEC0302CC20600C95998 /* AppKit.framework in Frameworks */,
				46ABFEC1302CC20600C95998 /* Metal.framework in Frameworks */,
				46ABFEC2302CC20600C95998 /* QuartzCore.framework in Frameworks */,
				46ABFEC3302CC20600C95998 /* Foundation.framework in Frameworks */,
			);
			runOnlyForDeploymentPostprocessing = 0;
		};
		46ABFEDC302CC25F00C95998 /* Frameworks */ = {
			isa = PBXFrameworksBuildPhase;
			buildActionMask = 2147483647;
			files = (
				467442043036070200E2DD84 /* CoreGraphics.framework in Frameworks */,
				46ABFEDD302CC25F00C95998 /* OpenGLES.framework in Frameworks */,
				46ABFEDE302CC25F00C95998 /* UIKit.framework in Frameworks */,
				46ABFEDF302CC25F00C95998 /* GLKit.framework in Frameworks */,
				46ABFEE0302CC25F00C95998 /* Metal.framework in Frameworks */,
				46ABFEE1302CC25F00C95998 /* QuartzCore.framework in Frameworks */,
				46ABFEE2302CC25F00C95998 /* Foundation.framework in Frameworks */,
			);
			runOnlyForDeploymentPostprocessing = 0;
		};
		8998CE1D2E057F4E007DDD96 /* Frameworks */ = {
			isa = PBXFrameworksBuildPhase;
			buildActionMask = 2147483647;
			files = (
				462680A52E69D15C00799C36 /* OpenGL.framework in Frameworks */,
				46B1E5952E40F8B0009734EC /* MetalKit.framework in Frameworks */,
				46B1E5932E40F8A6009734EC /* AppKit.framework in Frameworks */,
				46E85E002E39196500B74FA3 /* Metal.framework in Frameworks */,
				46E85DFF2E39195A00B74FA3 /* QuartzCore.framework in Frameworks */,
				46E85DFE2E39193D00B74FA3 /* Foundation.framework in Frameworks */,
			);
			runOnlyForDeploymentPostprocessing = 0;
		};
		8998CE422E057F4E007DDD97 /* Frameworks */ = {
			isa = PBXFrameworksBuildPhase;
			buildActionMask = 2147483647;
			files = (
				46744203303606F600E2DD84 /* CoreGraphics.framework in Frameworks */,
				46ABFEA7302CC0B600C95998 /* OpenGLES.framework in Frameworks */,
				46ABFEA9302CC0BF00C95998 /* UIKit.framework in Frameworks */,
				46A1B5982E40F8B0009734EE /* GLKit.framework in Frameworks */,
				46A1B5A02E39196500B74FA5 /* Metal.framework in Frameworks */,
				46A1B5A12E39195A00B74FA5 /* QuartzCore.framework in Frameworks */,
				46A1B5A22E39193D00B74FA5 /* Foundation.framework in Frameworks */,
			);
			runOnlyForDeploymentPostprocessing = 0;
		};
/* End PBXFrameworksBuildPhase section */

/* Begin PBXGroup section */
		46ABFEAA302CC17800C95998 /* Single_Header */ = {
			isa = PBXGroup;
			children = (
				46ABFF5B302CC58200C95998 /* olcPixelGameEngine3.h */,
				46ABFF13302CC2DE00C95998 /* examples */,
				46ABFF18302CC2DE00C95998 /* utilities */,
			);
			path = Single_Header;
			sourceTree = "<group>";
		};
		46ABFEF1302CC2DE00C95998 /* assets */ = {
			isa = PBXGroup;
			children = (
				46ABFEE9302CC2DE00C95998 /* gamescene.png */,
				46ABFEEA302CC2DE00C95998 /* graph_paper.png */,
				46ABFEEB302CC2DE00C95998 /* minsanity_texture.png */,
				46ABFEEC302CC2DE00C95998 /* olc_font.png */,
				46ABFEED302CC2DE00C95998 /* pixelfish.png */,
				46ABFEEE302CC2DE00C95998 /* sanity_cube.png */,
				46ABFEEF302CC2DE00C95998 /* sanity_texture.png */,
				46ABFEF0302CC2DE00C95998 /* tile_atlas_4x4_16x16.png */,
			);
			path = assets;
			sourceTree = "<group>";
		};
		46ABFF13302CC2DE00C95998 /* examples */ = {
			isa = PBXGroup;
			children = (
				46ABFEF1302CC2DE00C95998 /* assets */,
				46ABFEF2302CC2DE00C95998 /* CMakeLists.txt */,
				46ABFEF4302CC2DE00C95998 /* olcPGE3_3DCube.cpp */,
				46ABFEF6302CC2DE00C95998 /* olcPGE3_AntiAliasing.cpp */,
				46ABFEF7302CC2DE00C95998 /* olcPGE3_BatchesOfFills.cpp */,
				46ABFEF8302CC2DE00C95998 /* olcPGE3_BatchesOfLines.cpp */,
				46ABFEF9302CC2DE00C95998 /* olcPGE3_BlendingModes.cpp */,
				46ABFEFA302CC2DE00C95998 /* olcPGE3_Camera2D_Tiles.cpp */,
				46ABFEFB302CC2DE00C95998 /* olcPGE3_CirclesEllipses.cpp */,
				46ABFEFC302CC2DE00C95998 /* olcPGE3_Extensions.cpp */,
				46ABFEFD302CC2DE00C95998 /* olcPGE3_Fish.cpp */,
				46ABFEFE302CC2DE00C95998 /* olcPGE3_FrameGraph.cpp */,
				46ABFEFF302CC2DE00C95998 /* olcPGE3_ImageQuads.cpp */,
				46ABFF00302CC2DE00C95998 /* olcPGE3_ImageQuads-FromMemory.cpp */,
				46ABFF01302CC2DE00C95998 /* olcPGE3_ImageRect.cpp */,
				46ABFF02302CC2DE00C95998 /* olcPGE3_ImageRegion.cpp */,
				46ABFF03302CC2DE00C95998 /* olcPGE3_ImageScaleRotate.cpp */,
				46ABFF04302CC2DE00C95998 /* olcPGE3_ImageTiling.cpp */,
				46ABFF05302CC2DE00C95998 /* olcPGE3_Keyboard.cpp */,
				46ABFF06302CC2DE00C95998 /* olcPGE3_Lines.cpp */,
				46ABFF07302CC2DE00C95998 /* olcPGE3_LocalTransforms.cpp */,
				46ABFF08302CC2DE00C95998 /* olcPGE3_Mouse.cpp */,
				46ABFF09302CC2DE00C95998 /* olcPGE3_Pixels.cpp */,
				46ABFF0A302CC2DE00C95998 /* olcPGE3_PixelShaders.cpp */,
				46ABFF0B302CC2DE00C95998 /* olcPGE3_Polygons.cpp */,
				46ABFF0C302CC2DE00C95998 /* olcPGE3_Rectangles.cpp */,
				46ABFF0D302CC2DE00C95998 /* olcPGE3_Shockwave.cpp */,
				46ABFF0E302CC2DE00C95998 /* olcPGE3_SimplePixelShaders.cpp */,
				46ABFF0F302CC2DE00C95998 /* olcPGE3_TextBasics.cpp */,
				46ABFF10302CC2DE00C95998 /* olcPGE3_TextFontMap.cpp */,
				46ABFF11302CC2DE00C95998 /* olcPGE3_Touch.cpp */,
				46ABFF12302CC2DE00C95998 /* olcPGE3_WorldTransform.cpp */,
			);
			name = examples;
			path = /Users/mickymacm4/Documents/olcPGE3_ios_playground/examples;
			sourceTree = "<absolute>";
		};
		46ABFF18302CC2DE00C95998 /* utilities */ = {
			isa = PBXGroup;
			children = (
				46ABFF14302CC2DE00C95998 /* olcUTIL3_Animate2D.h */,
				46ABFF15302CC2DE00C95998 /* olcUTIL3_Camera2D.h */,
				46ABFF16302CC2DE00C95998 /* olcUTIL3_GameMode.h */,
				46ABFF17302CC2DE00C95998 /* olcUTIL3_Geometry2D.h */,
			);
			name = utilities;
			path = /Users/mickymacm4/Documents/olcPGE3_ios_playground/utilities;
			sourceTree = "<absolute>";
		};
		46E85DF52E39135300B74FA3 /* Frameworks */ = {
			isa = PBXGroup;
			children = (
				46744202303606F600E2DD84 /* CoreGraphics.framework */,
				46ABFEA8302CC0BF00C95998 /* UIKit.framework */,
				46ABFEA6302CC0B600C95998 /* OpenGLES.framework */,
				46B1E5942E40F8B0009734EC /* MetalKit.framework */,
				46B1E5922E40F8A6009734EC /* AppKit.framework */,
				46E85DFC2E39137100B74FA3 /* Metal.framework */,
				46E85DFA2E39136800B74FA3 /* QuartzCore.framework */,
				46E85DF82E39135B00B74FA3 /* OpenGL.framework */,
				46E85DF62E39135300B74FA3 /* Foundation.framework */,
				46A1B5972E40F8B0009734EE /* GLKit.framework */,
			);
			name = Frameworks;
			sourceTree = "<group>";
		};
		8998CE172E057F4E007DDD96 = {
			isa = PBXGroup;
			children = (
				46ABFEAA302CC17800C95998 /* Single_Header */,
				8998CE322E057F92007DDD96 /* src */,
				8998CE2A2E057F85007DDD96 /* tests */,
				46E85DF52E39135300B74FA3 /* Frameworks */,
				8998CE212E057F4E007DDD96 /* Products */,
			);
			sourceTree = "<group>";
		};
		8998CE212E057F4E007DDD96 /* Products */ = {
			isa = PBXGroup;
			children = (
				8998CE202E057F4E007DDD96 /* olcPGE3 */,
				8998CE402E057F4E007DDD98 /* olcPGE3_iOS.app */,
				46ABFEC8302CC20600C95998 /* olcPGE3_SH */,
				46ABFEE6302CC25F00C95998 /* olcPGE3_iOS_SH.app */,
			);
			name = Products;
			sourceTree = "<group>";
		};
		8998CE2A2E057F85007DDD96 /* tests */ = {
			isa = PBXGroup;
			children = (
				460495FB2E300E0F0047E223 /* test_mh.cpp */,
				8998CE2C2E057F85007DDD96 /* CMakeLists.txt */,
			);
			name = tests;
			path = ../tests;
			sourceTree = "<group>";
		};
		8998CE322E057F92007DDD96 /* src */ = {
			isa = PBXGroup;
			children = (
				467797802FF022A300171349 /* draw.h */,
				467797812FF022A300171349 /* draw.cpp */,
				467797822FF022A300171349 /* draw_batch.cpp */,
				467797832FF022A300171349 /* hw_keyboard.cpp */,
				467797842FF022A300171349 /* hw_touch.h */,
				467797852FF022A300171349 /* hw_touch.cpp */,
				467797862FF022A300171349 /* matrix4d.h */,
				467797872FF022A300171349 /* vector4d.h */,
				46C0F4182F0D08940053B0C8 /* api_ios.h */,
				46C0F4192F0D08940053B0C8 /* api_ios.cpp */,
				46C0F41A2F0D08940053B0C8 /* api_ios_wrapper.hpp */,
				46964CE52EE5C23300B7BCF1 /* api_macos.h */,
				46964CE62EE5C23300B7BCF1 /* api_macos.cpp */,
				46964CE72EE5C23300B7BCF1 /* api_macos_wrapper.hpp */,
				460495DA2E300E000047E223 /* api_opengl.h */,
				460495DB2E300E000047E223 /* api_opengl.cpp */,
				8998CE342E057F92007DDD96 /* config.h */,
				460495DC2E300E000047E223 /* core.h */,
				460495DD2E300E000047E223 /* core.cpp */,
				467318B82EEC213700714D4C /* font.h */,
				467318B92EEC213700714D4C /* font.cpp */,
				460495DF2E300E000047E223 /* gpu_iface.h */,
				462680D02E6C3C4500799C36 /* gpu_iface.cpp */,
				460495E02E300E000047E223 /* gpu_opengl33.h */,
				460495E12E300E000047E223 /* gpu_opengl33.cpp */,
				460495E22E300E000047E223 /* gputask.h */,
				461B0B682F04346B00F47017 /* host_apple_ios.h */,
				461B0B692F04346B00F47017 /* host_apple_ios.cpp */,
				460495E32E300E000047E223 /* host_apple_macos.h */,
				460495E42E300E000047E223 /* host_apple_macos.cpp */,
				460495E52E300E000047E223 /* host_iface.h */,
				460495E62E300E000047E223 /* host_lin_wayland.h */,
				460495E72E300E000047E223 /* host_lin_x11.h */,
				460495E82E300E000047E223 /* host_web_emscripten.h */,
				469A920E2E79B01E007BB460 /* hw_input.h */,
				469A92102E79B04B007BB460 /* hw_keyboard.h */,
				469A92112E79B0B0007BB460 /* hw_mouse.h */,
				469A92122E79B0F1007BB460 /* hw_mouse.cpp */,
				460495EB2E300E000047E223 /* image.h */,
				460495EC2E300E000047E223 /* image.cpp */,
				469A920F2E79B03C007BB460 /* imload_iface.h */,
				46C0F41B2F0D08940053B0C8 /* imload_ios.h */,
				46C0F41C2F0D08940053B0C8 /* imload_ios.cpp */,
				46C8F5B72E7DA67900C11019 /* imload_macos.h */,
				46C8F5B82E7DA67900C11019 /* imload_macos.cpp */,
				460495ED2E300E000047E223 /* matrix3d.h */,
				460495EE2E300E000047E223 /* olcpge3.h */,
				8998CE332E057F92007DDD96 /* pixel.h */,
				460495EF2E300E000047E223 /* polyform.h */,
				460495F02E300E000047E223 /* sh_template.h */,
				8998CE372E057F92007DDD96 /* transform2d.h */,
				8998CE362E057F92007DDD96 /* vector2d.h */,
				460495F12E300E000047E223 /* window.h */,
				460495F22E300E000047E223 /* window.cpp */,
			);
			name = src;
			path = ../src;
			sourceTree = "<group>";
		};
/* End PBXGroup section */

/* Begin PBXNativeTarget section */
		46ABFEAB302CC20600C95998 /* olcPGE3_SH */ = {
			isa = PBXNativeTarget;
			buildConfigurationList = 46ABFEC5302CC20600C95998 /* Build configuration list for PBXNativeTarget "olcPGE3_SH" */;
			buildPhases = (
				46ABFEAC302CC20600C95998 /* Sources */,
				46ABFEBD302CC20600C95998 /* Frameworks */,
				46ABFEC4302CC20600C95998 /* CopyFiles */,
			);
			buildRules = (
			);
			dependencies = (
			);
			name = olcPGE3_SH;
			productName = olcPGE3;
			productReference = 46ABFEC8302CC20600C95998 /* olcPGE3_SH */;
			productType = "com.apple.product-type.tool";
		};
		46ABFECA302CC25F00C95998 /* olcPGE3_iOS_SH */ = {
			isa = PBXNativeTarget;
			buildConfigurationList = 46ABFEE3302CC25F00C95998 /* Build configuration list for PBXNativeTarget "olcPGE3_iOS_SH" */;
			buildPhases = (
				46ABFECB302CC25F00C95998 /* Sources */,
				46ABFEDC302CC25F00C95998 /* Frameworks */,
				467442073036076000E2DD84 /* CopyFiles */,
			);
			buildRules = (
			);
			dependencies = (
			);
			name = olcPGE3_iOS_SH;
			productName = olcPGE3_iOS;
			productReference = 46ABFEE6302CC25F00C95998 /* olcPGE3_iOS_SH.app */;
			productType = "com.apple.product-type.application";
		};
		8998CE1F2E057F4E007DDD96 /* olcPGE3 */ = {
			isa = PBXNativeTarget;
			buildConfigurationList = 8998CE272E057F4E007DDD96 /* Build configuration list for PBXNativeTarget "olcPGE3" */;
			buildPhases = (
				8998CE1C2E057F4E007DDD96 /* Sources */,
				8998CE1D2E057F4E007DDD96 /* Frameworks */,
				8998CE1E2E057F4E007DDD96 /* CopyFiles */,
			);
			buildRules = (
			);
			dependencies = (
			);
			name = olcPGE3;
			productName = olcPGE3;
			productReference = 8998CE202E057F4E007DDD96 /* olcPGE3 */;
			productType = "com.apple.product-type.tool";
		};
		8998CE432E057F4E007DDD99 /* olcPGE3_iOS */ = {
			isa = PBXNativeTarget;
			buildConfigurationList = 8998CE442E057F4E007DDD99 /* Build configuration list for PBXNativeTarget "olcPGE3_iOS" */;
			buildPhases = (
				8998CE452E057F4E007DDD99 /* Sources */,
				8998CE422E057F4E007DDD97 /* Frameworks */,
				467442063036073C00E2DD84 /* CopyFiles */,
			);
			buildRules = (
			);
			dependencies = (
			);
			name = olcPGE3_iOS;
			productName = olcPGE3_iOS;
			productReference = 8998CE402E057F4E007DDD98 /* olcPGE3_iOS.app */;
			productType = "com.apple.product-type.application";
		};
/* End PBXNativeTarget section */

/* Begin PBXProject section */
		8998CE182E057F4E007DDD96 /* Project object */ = {
			isa = PBXProject;
			attributes = {
				BuildIndependentTargetsInParallel = 1;
				LastUpgradeCheck = 1430;
				TargetAttributes = {
					8998CE1F2E057F4E007DDD96 = {
						CreatedOnToolsVersion = 14.3.1;
					};
					8998CE432E057F4E007DDD99 = {
						CreatedOnToolsVersion = 14.3.1;
						ProvisioningStyle = Automatic;
					};
				};
			};
			buildConfigurationList = 8998CE1B2E057F4E007DDD96 /* Build configuration list for PBXProject "olcPGE3" */;
			compatibilityVersion = "Xcode 14.0";
			developmentRegion = en;
			hasScannedForEncodings = 0;
			knownRegions = (
				en,
				Base,
			);
			mainGroup = 8998CE172E057F4E007DDD96;
			productRefGroup = 8998CE212E057F4E007DDD96 /* Products */;
			projectDirPath = "";
			projectRoot = "";
			targets = (
				8998CE1F2E057F4E007DDD96 /* olcPGE3 */,
				46ABFEAB302CC20600C95998 /* olcPGE3_SH */,
				8998CE432E057F4E007DDD99 /* olcPGE3_iOS */,
				46ABFECA302CC25F00C95998 /* olcPGE3_iOS_SH */,
			);
		};
/* End PBXProject section */

/* Begin PBXSourcesBuildPhase section */
		46ABFEAC302CC20600C95998 /* Sources */ = {
			isa = PBXSourcesBuildPhase;
			buildActionMask = 2147483647;
			files = (
				46ABFF5A302CC44100C95998 /* olcPGE3_Touch.cpp in Sources */,
			);
			runOnlyForDeploymentPostprocessing = 0;
		};
		46ABFECB302CC25F00C95998 /* Sources */ = {
			isa = PBXSourcesBuildPhase;
			buildActionMask = 2147483647;
			files = (
				461B50CE304DE96800B03E93 /* olcPGE3_Touch.cpp in Sources */,
			);
			runOnlyForDeploymentPostprocessing = 0;
		};
		8998CE1C2E057F4E007DDD96 /* Sources */ = {
			isa = PBXSourcesBuildPhase;
			buildActionMask = 2147483647;
			files = (
				46ABFF58302CC3D200C95998 /* gpu_iface.cpp in Sources */,
				4677978F2FF022A300171349 /* draw_batch.cpp in Sources */,
				462680A42E69D03800799C36 /* image.cpp in Sources */,
				46E85E0B2E39252B00B74FA3 /* gpu_opengl33.cpp in Sources */,
				46E85E0A2E39252200B74FA3 /* window.cpp in Sources */,
				46E85E092E3924FB00B74FA3 /* core.cpp in Sources */,
				467318BA2EEC213700714D4C /* font.cpp in Sources */,
				46E85E072E3924D900B74FA3 /* host_apple_macos.cpp in Sources */,
				469A92132E79B0F1007BB460 /* hw_mouse.cpp in Sources */,
				4677978C2FF022A300171349 /* hw_keyboard.cpp in Sources */,
				4677978D2FF022A300171349 /* hw_touch.cpp in Sources */,
				46E85E062E3924CC00B74FA3 /* api_opengl.cpp in Sources */,
				46964CE82EE5C23300B7BCF1 /* api_macos.cpp in Sources */,
				46C8F5B92E7DA67900C11019 /* imload_macos.cpp in Sources */,
				4677978E2FF022A300171349 /* draw.cpp in Sources */,
				460496082E362F190047E223 /* test_mh.cpp in Sources */,
			);
			runOnlyForDeploymentPostprocessing = 0;
		};
		8998CE452E057F4E007DDD99 /* Sources */ = {
			isa = PBXSourcesBuildPhase;
			buildActionMask = 2147483647;
			files = (
				462680D22E6C3C4500799C37 /* gpu_iface.cpp in Sources */,
				4677978B2FF022A300171349 /* draw_batch.cpp in Sources */,
				462680A72E69D03800799C37 /* image.cpp in Sources */,
				46E85E102E39252B00B74FA4 /* gpu_opengl33.cpp in Sources */,
				46E85E0F2E39252200B74FA4 /* window.cpp in Sources */,
				46E85E0E2E3924FB00B74FA4 /* core.cpp in Sources */,
				467318BB2EEC213700714D4D /* font.cpp in Sources */,
				461B0B6D2F04346B00F47017 /* host_apple_ios.cpp in Sources */,
				469A92142E79B0F1007BB461 /* hw_mouse.cpp in Sources */,
				467797882FF022A300171349 /* hw_keyboard.cpp in Sources */,
				467797892FF022A300171349 /* hw_touch.cpp in Sources */,
				46E85E0C2E3924CC00B74FA4 /* api_opengl.cpp in Sources */,
				46C0F41E2F0D08940053B0C8 /* api_ios.cpp in Sources */,
				4677978A2FF022A300171349 /* draw.cpp in Sources */,
				46C0F41D2F0D08940053B0C8 /* imload_ios.cpp in Sources */,
				460496092E362F190047E224 /* test_mh.cpp in Sources */,
			);
			runOnlyForDeploymentPostprocessing = 0;
		};
/* End PBXSourcesBuildPhase section */

/* Begin XCBuildConfiguration section */
		46ABFEC6302CC20600C95998 /* Debug */ = {
			isa = XCBuildConfiguration;
			buildSettings = {
				CODE_SIGN_STYLE = Automatic;
				DEVELOPMENT_TEAM = "";
				ENABLE_HARDENED_RUNTIME = YES;
				GCC_INPUT_FILETYPE = sourcecode.cpp.cpp;
				"GCC_PREPROCESSOR_DEFINITIONS[arch=*]" = "GL_SILENCE_DEPRECATION=1";
				HEADER_SEARCH_PATHS = "$[PROJECT_DIR]/";
				IPHONEOS_DEPLOYMENT_TARGET = "";
				PRODUCT_NAME = "$(TARGET_NAME)";
				TVOS_DEPLOYMENT_TARGET = "";
				WATCHOS_DEPLOYMENT_TARGET = "";
				XROS_DEPLOYMENT_TARGET = "";
			};
			name = Debug;
		};
		46ABFEC7302CC20600C95998 /* Release */ = {
			isa = XCBuildConfiguration;
			buildSettings = {
				CODE_SIGN_STYLE = Automatic;
				DEVELOPMENT_TEAM = "";
				ENABLE_HARDENED_RUNTIME = YES;
				GCC_INPUT_FILETYPE = sourcecode.cpp.cpp;
				"GCC_PREPROCESSOR_DEFINITIONS[arch=*]" = "GL_SILENCE_DEPRECATION=1";
				HEADER_SEARCH_PATHS = "$[PROJECT_DIR]/";
				IPHONEOS_DEPLOYMENT_TARGET = "";
				PRODUCT_NAME = "$(TARGET_NAME)";
				TVOS_DEPLOYMENT_TARGET = "";
				WATCHOS_DEPLOYMENT_TARGET = "";
				XROS_DEPLOYMENT_TARGET = "";
			};
			name = Release;
		};
		46ABFEE4302CC25F00C95998 /* Debug */ = {
			isa = XCBuildConfiguration;
			buildSettings = {
				ASSETCATALOG_COMPILER_APPICON_NAME = AppIcon;
				CODE_SIGN_STYLE = Automatic;
				CURRENT_PROJECT_VERSION = 1.0;
				DEVELOPMENT_TEAM = TCY2PTFQ7T;
				GCC_INPUT_FILETYPE = sourcecode.cpp.cpp;
				"GCC_PREPROCESSOR_DEFINITIONS[arch=*]" = "GL_SILENCE_DEPRECATION=1";
				HEADER_SEARCH_PATHS = "$[PROJECT_DIR]/";
				INFOPLIST_FILE = olcPGE3_iOS_Info.plist;
				INFOPLIST_KEY_CFBundleDisplayName = olcPGE3iOS;
				INFOPLIST_KEY_LSApplicationCategoryType = "public.app-category.games";
				IPHONEOS_DEPLOYMENT_TARGET = 15.6;
				LD_RUNPATH_SEARCH_PATHS = (
					"$(inherited)",
					"@executable_path/Frameworks",
				);
				MACOSX_DEPLOYMENT_TARGET = "";
				MARKETING_VERSION = 1.0;
				PRODUCT_BUNDLE_IDENTIFIER = pge.onelonecoder.olcPGE3iOS;
				PRODUCT_NAME = "$(TARGET_NAME)";
				SDKROOT = iphoneos;
				SUPPORTED_PLATFORMS = "iphoneos iphonesimulator";
				TARGETED_DEVICE_FAMILY = "1,2";
				TVOS_DEPLOYMENT_TARGET = "";
				WATCHOS_DEPLOYMENT_TARGET = "";
				XROS_DEPLOYMENT_TARGET = "";
			};
			name = Debug;
		};
		46ABFEE5302CC25F00C95998 /* Release */ = {
			isa = XCBuildConfiguration;
			buildSettings = {
				ASSETCATALOG_COMPILER_APPICON_NAME = AppIcon;
				CODE_SIGN_STYLE = Automatic;
				CURRENT_PROJECT_VERSION = 1.0;
				DEVELOPMENT_TEAM = "";
				GCC_INPUT_FILETYPE = sourcecode.cpp.cpp;
				"GCC_PREPROCESSOR_DEFINITIONS[arch=*]" = "GL_SILENCE_DEPRECATION=1 ";
				HEADER_SEARCH_PATHS = "$[PROJECT_DIR]/";
				INFOPLIST_FILE = olcPGE3_iOS_Info.plist;
				INFOPLIST_KEY_CFBundleDisplayName = olcPGE3iOS;
				INFOPLIST_KEY_LSApplicationCategoryType = "public.app-category.games";
				IPHONEOS_DEPLOYMENT_TARGET = 15.6;
				LD_RUNPATH_SEARCH_PATHS = (
					"$(inherited)",
					"@executable_path/Frameworks",
				);
				MACOSX_DEPLOYMENT_TARGET = "";
				MARKETING_VERSION = 1.0;
				PRODUCT_BUNDLE_IDENTIFIER = pge.onelonecoder.olcPGE3iOS;
				PRODUCT_NAME = "$(TARGET_NAME)";
				SDKROOT = iphoneos;
				SUPPORTED_PLATFORMS = "iphoneos iphonesimulator";
				TARGETED_DEVICE_FAMILY = "1,2";
				TVOS_DEPLOYMENT_TARGET = "";
				WATCHOS_DEPLOYMENT_TARGET = "";
				XROS_DEPLOYMENT_TARGET = "";
			};
			name = Release;
		};
		8998CE252E057F4E007DDD96 /* Debug */ = {
			isa = XCBuildConfiguration;
			buildSettings = {
				ALWAYS_SEARCH_USER_PATHS = NO;
				CLANG_ANALYZER_NONNULL = YES;
				CLANG_ANALYZER_NUMBER_OBJECT_CONVERSION = YES_AGGRESSIVE;
				CLANG_CXX_LANGUAGE_STANDARD = "gnu++20";
				CLANG_ENABLE_MODULES = YES;
				CLANG_ENABLE_OBJC_ARC = YES;
				CLANG_ENABLE_OBJC_WEAK = YES;
				CLANG_WARN_BLOCK_CAPTURE_AUTORELEASING = YES;
				CLANG_WARN_BOOL_CONVERSION = YES;
				CLANG_WARN_COMMA = YES;
				CLANG_WARN_CONSTANT_CONVERSION = YES;
				CLANG_WARN_DEPRECATED_OBJC_IMPLEMENTATIONS = YES;
				CLANG_WARN_DIRECT_OBJC_ISA_USAGE = YES_ERROR;
				CLANG_WARN_DOCUMENTATION_COMMENTS = YES;
				CLANG_WARN_EMPTY_BODY = YES;
				CLANG_WARN_ENUM_CONVERSION = YES;
				CLANG_WARN_INFINITE_RECURSION = YES;
				CLANG_WARN_INT_CONVERSION = YES;
				CLANG_WARN_NON_LITERAL_NULL_CONVERSION = YES;
				CLANG_WARN_OBJC_IMPLICIT_RETAIN_SELF = YES;
				CLANG_WARN_OBJC_LITERAL_CONVERSION = YES;
				CLANG_WARN_OBJC_ROOT_CLASS = YES_ERROR;
				CLANG_WARN_QUOTED_INCLUDE_IN_FRAMEWORK_HEADER = YES;
				CLANG_WARN_RANGE_LOOP_ANALYSIS = YES;
				CLANG_WARN_STRICT_PROTOTYPES = YES;
				CLANG_WARN_SUSPICIOUS_MOVE = YES;
				CLANG_WARN_UNGUARDED_AVAILABILITY = YES_AGGRESSIVE;
				CLANG_WARN_UNREACHABLE_CODE = YES;
				CLANG_WARN__DUPLICATE_METHOD_MATCH = YES;
				COPY_PHASE_STRIP = NO;
				DEBUG_INFORMATION_FORMAT = dwarf;
				ENABLE_STRICT_OBJC_MSGSEND = YES;
				ENABLE_TESTABILITY = YES;
				GCC_C_LANGUAGE_STANDARD = gnu11;
				GCC_DYNAMIC_NO_PIC = NO;
				GCC_NO_COMMON_BLOCKS = YES;
				GCC_OPTIMIZATION_LEVEL = 0;
				GCC_PREPROCESSOR_DEFINITIONS = (
					"DEBUG=1",
					"$(inherited)",
				);
				GCC_WARN_64_TO_32_BIT_CONVERSION = YES;
				GCC_WARN_ABOUT_RETURN_TYPE = YES_ERROR;
				GCC_WARN_UNDECLARED_SELECTOR = YES;
				GCC_WARN_UNINITIALIZED_AUTOS = YES_AGGRESSIVE;
				GCC_WARN_UNUSED_FUNCTION = YES;
				GCC_WARN_UNUSED_VARIABLE = YES;
				MACOSX_DEPLOYMENT_TARGET = 13.3;
				MTL_ENABLE_DEBUG_INFO = INCLUDE_SOURCE;
				MTL_FAST_MATH = YES;
				ONLY_ACTIVE_ARCH = YES;
				SDKROOT = macosx;
			};
			name = Debug;
		};
		8998CE262E057F4E007DDD96 /* Release */ = {
			isa = XCBuildConfiguration;
			buildSettings = {
				ALWAYS_SEARCH_USER_PATHS = NO;
				CLANG_ANALYZER_NONNULL = YES;
				CLANG_ANALYZER_NUMBER_OBJECT_CONVERSION = YES_AGGRESSIVE;
				CLANG_CXX_LANGUAGE_STANDARD = "gnu++20";
				CLANG_ENABLE_MODULES = YES;
				CLANG_ENABLE_OBJC_ARC = YES;
				CLANG_ENABLE_OBJC_WEAK = YES;
				CLANG_WARN_BLOCK_CAPTURE_AUTORELEASING = YES;
				CLANG_WARN_BOOL_CONVERSION = YES;
				CLANG_WARN_COMMA = YES;
				CLANG_WARN_CONSTANT_CONVERSION = YES;
				CLANG_WARN_DEPRECATED_OBJC_IMPLEMENTATIONS = YES;
				CLANG_WARN_DIRECT_OBJC_ISA_USAGE = YES_ERROR;
				CLANG_WARN_DOCUMENTATION_COMMENTS = YES;
				CLANG_WARN_EMPTY_BODY = YES;
				CLANG_WARN_ENUM_CONVERSION = YES;
				CLANG_WARN_INFINITE_RECURSION = YES;
				CLANG_WARN_INT_CONVERSION = YES;
				CLANG_WARN_NON_LITERAL_NULL_CONVERSION = YES;
				CLANG_WARN_OBJC_IMPLICIT_RETAIN_SELF = YES;
				CLANG_WARN_OBJC_LITERAL_CONVERSION = YES;
				CLANG_WARN_OBJC_ROOT_CLASS = YES_ERROR;
				CLANG_WARN_QUOTED_INCLUDE_IN_FRAMEWORK_HEADER = YES;
				CLANG_WARN_RANGE_LOOP_ANALYSIS = YES;
				CLANG_WARN_STRICT_PROTOTYPES = YES;
				CLANG_WARN_SUSPICIOUS_MOVE = YES;
				CLANG_WARN_UNGUARDED_AVAILABILITY = YES_AGGRESSIVE;
				CLANG_WARN_UNREACHABLE_CODE = YES;
				CLANG_WARN__DUPLICATE_METHOD_MATCH = YES;
				COPY_PHASE_STRIP = NO;
				DEBUG_INFORMATION_FORMAT = "dwarf-with-dsym";
				ENABLE_NS_ASSERTIONS = NO;
				ENABLE_STRICT_OBJC_MSGSEND = YES;
				GCC_C_LANGUAGE_STANDARD = gnu11;
				GCC_NO_COMMON_BLOCKS = YES;
				GCC_WARN_64_TO_32_BIT_CONVERSION = YES;
				GCC_WARN_ABOUT_RETURN_TYPE = YES_ERROR;
				GCC_WARN_UNDECLARED_SELECTOR = YES;
				GCC_WARN_UNINITIALIZED_AUTOS = YES_AGGRESSIVE;
				GCC_WARN_UNUSED_FUNCTION = YES;
				GCC_WARN_UNUSED_VARIABLE = YES;
				MACOSX_DEPLOYMENT_TARGET = 13.3;
				MTL_ENABLE_DEBUG_INFO = NO;
				MTL_FAST_MATH = YES;
				SDKROOT = macosx;
			};
			name = Release;
		};
		8998CE282E057F4E007DDD96 /* Debug */ = {
			isa = XCBuildConfiguration;
			buildSettings = {
				CODE_SIGN_STYLE = Automatic;
				DEVELOPMENT_TEAM = "";
				ENABLE_HARDENED_RUNTIME = YES;
				GCC_INPUT_FILETYPE = sourcecode.cpp.cpp;
				"GCC_PREPROCESSOR_DEFINITIONS[arch=*]" = "GL_SILENCE_DEPRECATION=1";
				HEADER_SEARCH_PATHS = "$[PROJECT_DIR]/";
				IPHONEOS_DEPLOYMENT_TARGET = "";
				PRODUCT_NAME = "$(TARGET_NAME)";
				TVOS_DEPLOYMENT_TARGET = "";
				WATCHOS_DEPLOYMENT_TARGET = "";
				XROS_DEPLOYMENT_TARGET = "";
			};
			name = Debug;
		};
		8998CE292E057F4E007DDD96 /* Release */ = {
			isa = XCBuildConfiguration;
			buildSettings = {
				CODE_SIGN_STYLE = Automatic;
				DEVELOPMENT_TEAM = "";
				ENABLE_HARDENED_RUNTIME = YES;
				GCC_INPUT_FILETYPE = sourcecode.cpp.cpp;
				"GCC_PREPROCESSOR_DEFINITIONS[arch=*]" = "GL_SILENCE_DEPRECATION=1";
				HEADER_SEARCH_PATHS = "$[PROJECT_DIR]/";
				IPHONEOS_DEPLOYMENT_TARGET = "";
				PRODUCT_NAME = "$(TARGET_NAME)";
				TVOS_DEPLOYMENT_TARGET = "";
				WATCHOS_DEPLOYMENT_TARGET = "";
				XROS_DEPLOYMENT_TARGET = "";
			};
			name = Release;
		};
		8998CE462E057F4E007DDD9A /* Debug */ = {
			isa = XCBuildConfiguration;
			buildSettings = {
				ASSETCATALOG_COMPILER_APPICON_NAME = AppIcon;
				CODE_SIGN_STYLE = Automatic;
				CURRENT_PROJECT_VERSION = 1.0;
				DEVELOPMENT_TEAM = TCY2PTFQ7T;
				GCC_INPUT_FILETYPE = sourcecode.cpp.cpp;
				"GCC_PREPROCESSOR_DEFINITIONS[arch=*]" = "GL_SILENCE_DEPRECATION=1";
				HEADER_SEARCH_PATHS = "$[PROJECT_DIR]/";
				INFOPLIST_FILE = olcPGE3_iOS_Info.plist;
				INFOPLIST_KEY_CFBundleDisplayName = olcPGE3iOS;
				INFOPLIST_KEY_LSApplicationCategoryType = "public.app-category.games";
				IPHONEOS_DEPLOYMENT_TARGET = 15.6;
				LD_RUNPATH_SEARCH_PATHS = (
					"$(inherited)",
					"@executable_path/Frameworks",
				);
				MACOSX_DEPLOYMENT_TARGET = "";
				MARKETING_VERSION = 1.0;
				PRODUCT_BUNDLE_IDENTIFIER = "pge.onelonecoder.olcPGE3iOS-MH";
				PRODUCT_NAME = "$(TARGET_NAME)";
				SDKROOT = iphoneos;
				SUPPORTED_PLATFORMS = "iphoneos iphonesimulator";
				TARGETED_DEVICE_FAMILY = "1,2";
				TVOS_DEPLOYMENT_TARGET = "";
				WATCHOS_DEPLOYMENT_TARGET = "";
				XROS_DEPLOYMENT_TARGET = "";
			};
			name = Debug;
		};
		8998CE472E057F4E007DDD9B /* Release */ = {
			isa = XCBuildConfiguration;
			buildSettings = {
				ASSETCATALOG_COMPILER_APPICON_NAME = AppIcon;
				CODE_SIGN_STYLE = Automatic;
				CURRENT_PROJECT_VERSION = 1.0;
				DEVELOPMENT_TEAM = "";
				GCC_INPUT_FILETYPE = sourcecode.cpp.cpp;
				"GCC_PREPROCESSOR_DEFINITIONS[arch=*]" = "GL_SILENCE_DEPRECATION=1 ";
				HEADER_SEARCH_PATHS = "$[PROJECT_DIR]/";
				INFOPLIST_FILE = olcPGE3_iOS_Info.plist;
				INFOPLIST_KEY_CFBundleDisplayName = olcPGE3iOS;
				INFOPLIST_KEY_LSApplicationCategoryType = "public.app-category.games";
				IPHONEOS_DEPLOYMENT_TARGET = 15.6;
				LD_RUNPATH_SEARCH_PATHS = (
					"$(inherited)",
					"@executable_path/Frameworks",
				);
				MACOSX_DEPLOYMENT_TARGET = "";
				MARKETING_VERSION = 1.0;
				PRODUCT_BUNDLE_IDENTIFIER = "pge.onelonecoder.olcPGE3iOS-MH";
				PRODUCT_NAME = "$(TARGET_NAME)";
				SDKROOT = iphoneos;
				SUPPORTED_PLATFORMS = "iphoneos iphonesimulator";
				TARGETED_DEVICE_FAMILY = "1,2";
				TVOS_DEPLOYMENT_TARGET = "";
				WATCHOS_DEPLOYMENT_TARGET = "";
				XROS_DEPLOYMENT_TARGET = "";
			};
			name = Release;
		};
/* End XCBuildConfiguration section */

/* Begin XCConfigurationList section */
		46ABFEC5302CC20600C95998 /* Build configuration list for PBXNativeTarget "olcPGE3_SH" */ = {
			isa = XCConfigurationList;
			buildConfigurations = (
				46ABFEC6302CC20600C95998 /* Debug */,
				46ABFEC7302CC20600C95998 /* Release */,
			);
			defaultConfigurationIsVisible = 0;
			defaultConfigurationName = Release;
		};
		46ABFEE3302CC25F00C95998 /* Build configuration list for PBXNativeTarget "olcPGE3_iOS_SH" */ = {
			isa = XCConfigurationList;
			buildConfigurations = (
				46ABFEE4302CC25F00C95998 /* Debug */,
				46ABFEE5302CC25F00C95998 /* Release */,
			);
			defaultConfigurationIsVisible = 0;
			defaultConfigurationName = Release;
		};
		8998CE1B2E057F4E007DDD96 /* Build configuration list for PBXProject "olcPGE3" */ = {
			isa = XCConfigurationList;
			buildConfigurations = (
				8998CE252E057F4E007DDD96 /* Debug */,
				8998CE262E057F4E007DDD96 /* Release */,
			);
			defaultConfigurationIsVisible = 0;
			defaultConfigurationName = Release;
		};
		8998CE272E057F4E007DDD96 /* Build configuration list for PBXNativeTarget "olcPGE3" */ = {
			isa = XCConfigurationList;
			buildConfigurations = (
				8998CE282E057F4E007DDD96 /* Debug */,
				8998CE292E057F4E007DDD96 /* Release */,
			);
			defaultConfigurationIsVisible = 0;
			defaultConfigurationName = Release;
		};
		8998CE442E057F4E007DDD99 /* Build configuration list for PBXNativeTarget "olcPGE3_iOS" */ = {
			isa = XCConfigurationList;
			buildConfigurations = (
				8998CE462E057F4E007DDD9A /* Debug */,
				8998CE472E057F4E007DDD9B /* Release */,
			);
			defaultConfigurationIsVisible = 0;
			defaultConfigurationName = Release;
		};
/* End XCConfigurationList section */
	};
	rootObject = 8998CE182E057F4E007DDD96 /* Project object */;
}
